
Microsoft Visual Studio Solution File, Format Version 12.00
# Visual Studio Version 17
VisualStudioVersion = 17.8.34316.72
MinimumVisualStudioVersion = 10.0.40219.1
Project("{9A19103F-16F7-4668-BE54-9A1E7A4F7556}") = "UtiliSense.api", "UtiliSense.api\UtiliSense.api.csproj", "{2039E3ED-7522-49D0-96AD-EAE26C3117E3}"
EndProject
Project("{2150E333-8FDC-42A3-9474-1A3956D46DE8}") = "Tests", "Tests", "{6A21EF8D-46AF-4B79-902C-FC231A734C21}"
EndProject
Project("{9A19103F-16F7-4668-BE54-9A1E7A4F7556}") = "UtiliSense.test", "UtiliSense.test\UtiliSense.test.csproj", "{CB3E5899-AB8D-40E6-B3FA-7374DAEC9D67}"
EndProject
Project("{2150E333-8FDC-42A3-9474-1A3956D46DE8}") = "Data", "Data", "{7E06FA95-F1AC-4C16-A0BF-BD23D87F15DC}"
EndProject
Project("{FAE04EC0-301F-11D3-BF4B-00C04F79EFBC}") = "UtiliSense.data", "UtiliSense.data\UtiliSense.data.csproj", "{E553BB47-833A-4E26-9420-21868E1F3792}"
EndProject
Project("{2150E333-8FDC-42A3-9474-1A3956D46DE8}") = "Services", "Services", "{D58230B4-F457-428E-AFC8-4833309FEB64}"
EndProject
Project("{FAE04EC0-301F-11D3-BF4B-00C04F79EFBC}") = "UtiliSense.service", "UtiliSense.service\UtiliSense.service.csproj", "{B029A00F-A110-4034-AE2A-4ADB8CAF9A23}"
EndProject
Global
	GlobalSection(SolutionConfigurationPlatforms) = preSolution
		Debug|Any CPU = Debug|Any CPU
		Release|Any CPU = Release|Any CPU
	EndGlobalSection
	GlobalSection(ProjectConfigurationPlatforms) = postSolution
		{2039E3ED-7522-49D0-96AD-EAE26C3117E3}.Debug|Any CPU.ActiveCfg = Debug|Any CPU
		{2039E3ED-7522-49D0-96AD-EAE26C3117E3}.Debug|Any CPU.Build.0 = Debug|Any CPU
		{2039E3ED-7522-49D0-96AD-EAE26C3117E3}.Release|Any CPU.ActiveCfg = Release|Any CPU
		{2039E3ED-7522-49D0-96AD-EAE26C3117E3}.Release|Any CPU.Build.0 = Release|Any CPU
		{CB3E5899-AB8D-40E6-B3FA-7374DAEC9D67}.Debug|Any CPU.ActiveCfg = Debug|Any CPU
		{CB3E5899-AB8D-40E6-B3FA-7374DAEC9D67}.Debug|Any CPU.Build.0 = Debug|Any CPU
		{CB3E5899-AB8D-40E6-B3FA-7374DAEC9D67}.Release|Any CPU.ActiveCfg = Release|Any CPU
		{CB3E5899-AB8D-40E6-B3FA-7374DAEC9D67}.Release|Any CPU.Build.0 = Release|Any CPU
		{E553BB47-833A-4E26-9420-21868E1F3792}.Debug|Any CPU.ActiveCfg = Debug|Any CPU
		{E553BB47-833A-4E26-9420-21868E1F3792}.Debug|Any CPU.Build.0 = Debug|Any CPU
		{E553BB47-833A-4E26-9420-21868E1F3792}.Release|Any CPU.ActiveCfg = Release|Any CPU
		{E553BB47-833A-4E26-9420-21868E1F3792}.Release|Any CPU.Build.0 = Release|Any CPU
		{B029A00F-A110-4034-AE2A-4ADB8CAF9A23}.Debug|Any CPU.ActiveCfg = Debug|Any CPU
		{B029A00F-A110-4034-AE2A-4ADB8CAF9A23}.Debug|Any CPU.Build.0 = Debug|Any CPU
		{B029A00F-A110-4034-AE2A-4ADB8CAF9A23}.Release|Any CPU.ActiveCfg = Release|Any CPU
		{B029A00F-A110-4034-AE2A-4ADB8CAF9A23}.Release|Any CPU.Build.0 = Release|Any CPU
	EndGlobalSection
	GlobalSection(SolutionProperties) = preSolution
		HideSolutionNode = FALSE
	EndGlobalSection
	GlobalSection(NestedProjects) = preSolution
		{CB3E5899-AB8D-40E6-B3FA-7374DAEC9D67} = {6A21EF8D-46AF-4B79-902C-FC231A734C21}
		{E553BB47-833A-4E26-9420-21868E1F3792} = {7E06FA95-F1AC-4C16-A0BF-BD23D87F15DC}
		{B029A00F-A110-4034-AE2A-4ADB8CAF9A23} = {D58230B4-F457-428E-AFC8-4833309FEB64}
	EndGlobalSection
	GlobalSection(ExtensibilityGlobals) = postSolution
		SolutionGuid = {CB552CB2-DD53-4321-8FD0-7028A5FD97AC}
	EndGlobalSection
EndGlobal
